
Microsoft Visual Studio Solution File, Format Version 12.00
# Visual Studio Version 17
VisualStudioVersion = 17.4.33103.184
MinimumVisualStudioVersion = 10.0.40219.1
Project("{FAE04EC0-301F-11D3-BF4B-00C04F79EFBC}") = "SongChef", "SongChef\SongChef.csproj", "{F62627E6-209F-453E-B81E-A11C42625B82}"
EndProject
Global
	GlobalSection(SolutionConfigurationPlatforms) = preSolution
		Debug|Any CPU = Debug|Any CPU
		Release|Any CPU = Release|Any CPU
	EndGlobalSection
	GlobalSection(ProjectConfigurationPlatforms) = postSolution
		{F62627E6-209F-453E-B81E-A11C42625B82}.Debug|Any CPU.ActiveCfg = Debug|Any CPU
		{F62627E6-209F-453E-B81E-A11C42625B82}.Debug|Any CPU.Build.0 = Debug|Any CPU
		{F62627E6-209F-453E-B81E-A11C42625B82}.Release|Any CPU.ActiveCfg = Release|Any CPU
		{F62627E6-209F-453E-B81E-A11C42625B82}.Release|Any CPU.Build.0 = Release|Any CPU
	EndGlobalSection
	GlobalSection(SolutionProperties) = preSolution
		HideSolutionNode = FALSE
	EndGlobalSection
	GlobalSection(ExtensibilityGlobals) = postSolution
		SolutionGuid = {F1EF8BBF-FADB-4E2F-AA2B-908BF7CC61E0}
	EndGlobalSection
EndGlobal
